
Microsoft Visual Studio Solution File, Format Version 12.00
# Visual Studio Version 16
VisualStudioVersion = 16.0.810.16
MinimumVisualStudioVersion = 10.0.40219.1
Project("{FAE04EC0-301F-11D3-BF4B-00C04F79EFBC}") = "WebAppExample", "WebAppExample.csproj", "{A357E5E2-A3A6-446C-B757-4639B93D1672}"
EndProject
Global
	GlobalSection(SolutionConfigurationPlatforms) = preSolution
		Debug|Any CPU = Debug|Any CPU
		Release|Any CPU = Release|Any CPU
	EndGlobalSection
	GlobalSection(ProjectConfigurationPlatforms) = postSolution
		{A357E5E2-A3A6-446C-B757-4639B93D1672}.Debug|Any CPU.ActiveCfg = Debug|Any CPU
		{A357E5E2-A3A6-446C-B757-4639B93D1672}.Debug|Any CPU.Build.0 = Debug|Any CPU
		{A357E5E2-A3A6-446C-B757-4639B93D1672}.Release|Any CPU.ActiveCfg = Release|Any CPU
		{A357E5E2-A3A6-446C-B757-4639B93D1672}.Release|Any CPU.Build.0 = Release|Any CPU
	EndGlobalSection
	GlobalSection(SolutionProperties) = preSolution
		HideSolutionNode = FALSE
	EndGlobalSection
	GlobalSection(ExtensibilityGlobals) = postSolution
		SolutionGuid = {4A6A4C36-76D2-40DC-90C1-2456575723AC}
	EndGlobalSection
EndGlobal
